
Microsoft Visual Studio Solution File, Format Version 12.00
# Visual Studio Version 17
VisualStudioVersion = 17.6.33723.286
MinimumVisualStudioVersion = 10.0.40219.1
Project("{FAE04EC0-301F-11D3-BF4B-00C04F79EFBC}") = "NlogTest", "NlogTest\NlogTest.csproj", "{FD6340E7-D032-490B-985E-C81B9455B219}"
EndProject
Project("{FAE04EC0-301F-11D3-BF4B-00C04F79EFBC}") = "ReflectionExample", "ReflectionExample\ReflectionExample.csproj", "{20AFE561-376D-41AA-829E-6EFE3504536A}"
EndProject
Project("{FAE04EC0-301F-11D3-BF4B-00C04F79EFBC}") = "ExternalLibrary", "ExternalLibrary\ExternalLibrary.csproj", "{E72FBA95-5010-42F9-B9CB-DDACF1F4342A}"
EndProject
Project("{FAE04EC0-301F-11D3-BF4B-00C04F79EFBC}") = "PubSub", "PubSub\PubSub.csproj", "{17A08E70-0E23-40EC-B20D-1BF209E724AE}"
EndProject
Project("{FAE04EC0-301F-11D3-BF4B-00C04F79EFBC}") = "ZeroMQ", "ZeroMQ\ZeroMQ.csproj", "{E687E76C-F958-475C-8B49-96FC538AA4BE}"
EndProject
Project("{FAE04EC0-301F-11D3-BF4B-00C04F79EFBC}") = "ReactiveExample", "ReactiveExample\ReactiveExample.csproj", "{23C79C8D-3759-4CB1-B786-DA687FC06AE4}"
EndProject
Project("{FAE04EC0-301F-11D3-BF4B-00C04F79EFBC}") = "GenericTypes", "GenericTypes\GenericTypes.csproj", "{D65EE486-2EB5-408A-B51B-EFFDEBA24356}"
EndProject
Global
	GlobalSection(SolutionConfigurationPlatforms) = preSolution
		Debug|Any CPU = Debug|Any CPU
		Release|Any CPU = Release|Any CPU
	EndGlobalSection
	GlobalSection(ProjectConfigurationPlatforms) = postSolution
		{FD6340E7-D032-490B-985E-C81B9455B219}.Debug|Any CPU.ActiveCfg = Debug|Any CPU
		{FD6340E7-D032-490B-985E-C81B9455B219}.Debug|Any CPU.Build.0 = Debug|Any CPU
		{FD6340E7-D032-490B-985E-C81B9455B219}.Release|Any CPU.ActiveCfg = Release|Any CPU
		{FD6340E7-D032-490B-985E-C81B9455B219}.Release|Any CPU.Build.0 = Release|Any CPU
		{20AFE561-376D-41AA-829E-6EFE3504536A}.Debug|Any CPU.ActiveCfg = Debug|Any CPU
		{20AFE561-376D-41AA-829E-6EFE3504536A}.Debug|Any CPU.Build.0 = Debug|Any CPU
		{20AFE561-376D-41AA-829E-6EFE3504536A}.Release|Any CPU.ActiveCfg = Release|Any CPU
		{20AFE561-376D-41AA-829E-6EFE3504536A}.Release|Any CPU.Build.0 = Release|Any CPU
		{E72FBA95-5010-42F9-B9CB-DDACF1F4342A}.Debug|Any CPU.ActiveCfg = Debug|Any CPU
		{E72FBA95-5010-42F9-B9CB-DDACF1F4342A}.Debug|Any CPU.Build.0 = Debug|Any CPU
		{E72FBA95-5010-42F9-B9CB-DDACF1F4342A}.Release|Any CPU.ActiveCfg = Release|Any CPU
		{E72FBA95-5010-42F9-B9CB-DDACF1F4342A}.Release|Any CPU.Build.0 = Release|Any CPU
		{17A08E70-0E23-40EC-B20D-1BF209E724AE}.Debug|Any CPU.ActiveCfg = Debug|Any CPU
		{17A08E70-0E23-40EC-B20D-1BF209E724AE}.Debug|Any CPU.Build.0 = Debug|Any CPU
		{17A08E70-0E23-40EC-B20D-1BF209E724AE}.Release|Any CPU.ActiveCfg = Release|Any CPU
		{17A08E70-0E23-40EC-B20D-1BF209E724AE}.Release|Any CPU.Build.0 = Release|Any CPU
		{E687E76C-F958-475C-8B49-96FC538AA4BE}.Debug|Any CPU.ActiveCfg = Debug|Any CPU
		{E687E76C-F958-475C-8B49-96FC538AA4BE}.Debug|Any CPU.Build.0 = Debug|Any CPU
		{E687E76C-F958-475C-8B49-96FC538AA4BE}.Release|Any CPU.ActiveCfg = Release|Any CPU
		{E687E76C-F958-475C-8B49-96FC538AA4BE}.Release|Any CPU.Build.0 = Release|Any CPU
		{23C79C8D-3759-4CB1-B786-DA687FC06AE4}.Debug|Any CPU.ActiveCfg = Debug|Any CPU
		{23C79C8D-3759-4CB1-B786-DA687FC06AE4}.Debug|Any CPU.Build.0 = Debug|Any CPU
		{23C79C8D-3759-4CB1-B786-DA687FC06AE4}.Release|Any CPU.ActiveCfg = Release|Any CPU
		{23C79C8D-3759-4CB1-B786-DA687FC06AE4}.Release|Any CPU.Build.0 = Release|Any CPU
		{D65EE486-2EB5-408A-B51B-EFFDEBA24356}.Debug|Any CPU.ActiveCfg = Debug|Any CPU
		{D65EE486-2EB5-408A-B51B-EFFDEBA24356}.Debug|Any CPU.Build.0 = Debug|Any CPU
		{D65EE486-2EB5-408A-B51B-EFFDEBA24356}.Release|Any CPU.ActiveCfg = Release|Any CPU
		{D65EE486-2EB5-408A-B51B-EFFDEBA24356}.Release|Any CPU.Build.0 = Release|Any CPU
	EndGlobalSection
	GlobalSection(SolutionProperties) = preSolution
		HideSolutionNode = FALSE
	EndGlobalSection
	GlobalSection(ExtensibilityGlobals) = postSolution
		SolutionGuid = {99DF3C0D-3CA5-4F3A-88F3-E397A1D291D0}
	EndGlobalSection
EndGlobal
